
Microsoft Visual Studio Solution File, Format Version 12.00
# Visual Studio Version 17
VisualStudioVersion = 17.13.35818.85 d17.13
MinimumVisualStudioVersion = 10.0.40219.1
Project("{FAE04EC0-301F-11D3-BF4B-00C04F79EFBC}") = "DevToolkit", "DevToolkit.csproj", "{C5E73C47-51B8-6341-B390-A3D30DC1700D}"
EndProject
Global
	GlobalSection(SolutionConfigurationPlatforms) = preSolution
		Debug|Any CPU = Debug|Any CPU
		Release|Any CPU = Release|Any CPU
	EndGlobalSection
	GlobalSection(ProjectConfigurationPlatforms) = postSolution
		{C5E73C47-51B8-6341-B390-A3D30DC1700D}.Debug|Any CPU.ActiveCfg = Debug|Any CPU
		{C5E73C47-51B8-6341-B390-A3D30DC1700D}.Debug|Any CPU.Build.0 = Debug|Any CPU
		{C5E73C47-51B8-6341-B390-A3D30DC1700D}.Release|Any CPU.ActiveCfg = Release|Any CPU
		{C5E73C47-51B8-6341-B390-A3D30DC1700D}.Release|Any CPU.Build.0 = Release|Any CPU
	EndGlobalSection
	GlobalSection(SolutionProperties) = preSolution
		HideSolutionNode = FALSE
	EndGlobalSection
	GlobalSection(ExtensibilityGlobals) = postSolution
		SolutionGuid = {9D524808-FC79-48C6-930D-12FA0A34B920}
	EndGlobalSection
EndGlobal
